<?xml version="1.0" encoding="utf-8"?>
<Project ToolsVersion="4.0" xmlns="http://schemas.microsoft.com/developer/msbuild/2003">
  <ItemGroup>
    <Filter Include="Source Files">
      <UniqueIdentifier>{4FC737F1-C7A5-4376-A066-2A32D752A2FF}</UniqueIdentifier>
      <Extensions>cpp;c;cc;cxx;c++;cppm;ixx;def;odl;idl;hpj;bat;asm;asmx</Extensions>
    </Filter>
    <Filter Include="Header Files">
      <UniqueIdentifier>{93995380-89BD-4b04-88EB-625FBE52EBFB}</UniqueIdentifier>
      <Extensions>h;hh;hpp;hxx;h++;hm;inl;inc;ipp;xsd</Extensions>
    </Filter>
    <Filter Include="Resource Files">
      <UniqueIdentifier>{67DA6AB6-F800-4c08-8B7A-83BB121AAD01}</UniqueIdentifier>
      <Extensions>rc;ico;cur;bmp;dlg;rc2;rct;bin;rgs;gif;jpg;jpeg;jpe;resx;tiff;tif;png;wav;mfcribbon-ms</Extensions>
    </Filter>
    <Filter Include="Header Files\InterfaceElements">
      <UniqueIdentifier>{6330af77-deee-4f07-915a-386b313e3a4b}</UniqueIdentifier>
    </Filter>
    <Filter Include="Source Files\InterfaceElemets">
      <UniqueIdentifier>{33ca463c-191d-4e60-9c5a-f86826fdfaec}</UniqueIdentifier>
    </Filter>
  </ItemGroup>
  <ItemGroup>
    <ClCompile Include="Lab1.cpp">
      <Filter>Source Files</Filter>
    </ClCompile>
    <ClCompile Include="InputTools.cpp">
      <Filter>Source Files</Filter>
    </ClCompile>
    <ClCompile Include="FileSystemFunctions.cpp">
      <Filter>Source Files</Filter>
    </ClCompile>
    <ClCompile Include="StringWorker.cpp">
      <Filter>Source Files</Filter>
    </ClCompile>
    <ClCompile Include="WorkWithStrings.cpp">
      <Filter>Source Files\InterfaceElemets</Filter>
    </ClCompile>
    <ClCompile Include="MainMenu.cpp">
      <Filter>Source Files\InterfaceElemets</Filter>
    </ClCompile>
    <ClCompile Include="ShowAnswerElement.cpp">
      <Filter>Source Files\InterfaceElemets</Filter>
    </ClCompile>
    <ClCompile Include="InterfaceElement.cpp">
      <Filter>Source Files\InterfaceElemets</Filter>
    </ClCompile>
    <ClCompile Include="InputFromKeyboard.cpp">
      <Filter>Source Files\InterfaceElemets</Filter>
    </ClCompile>
    <ClCompile Include="InputFromFile.cpp">
      <Filter>Source Files\InterfaceElemets</Filter>
    </ClCompile>
    <ClCompile Include="ChooseInputType.cpp">
      <Filter>Source Files\InterfaceElemets</Filter>
    </ClCompile>
    <ClCompile Include="AboutProgram.cpp">
      <Filter>Source Files\InterfaceElemets</Filter>
    </ClCompile>
  </ItemGroup>
  <ItemGroup>
    <ClInclude Include="InputTools.h">
      <Filter>Header Files</Filter>
    </ClInclude>
    <ClInclude Include="FileSystemFunctions.h">
      <Filter>Header Files</Filter>
    </ClInclude>
    <ClInclude Include="StringWorker.h">
      <Filter>Header Files</Filter>
    </ClInclude>
    <ClInclude Include="ChooseInputType.h">
      <Filter>Header Files\InterfaceElements</Filter>
    </ClInclude>
    <ClInclude Include="InputFromFile.h">
      <Filter>Header Files\InterfaceElements</Filter>
    </ClInclude>
    <ClInclude Include="InputFromKeyboard.h">
      <Filter>Header Files\InterfaceElements</Filter>
    </ClInclude>
    <ClInclude Include="InterfaceElement.h">
      <Filter>Header Files\InterfaceElements</Filter>
    </ClInclude>
    <ClInclude Include="MainMenu.h">
      <Filter>Header Files\InterfaceElements</Filter>
    </ClInclude>
    <ClInclude Include="ShowAnswerElement.h">
      <Filter>Header Files\InterfaceElements</Filter>
    </ClInclude>
    <ClInclude Include="WorkWithStrings.h">
      <Filter>Header Files\InterfaceElements</Filter>
    </ClInclude>
    <ClInclude Include="AboutProgram.h">
      <Filter>Header Files\InterfaceElements</Filter>
    </ClInclude>
  </ItemGroup>
</Project>